
Microsoft Visual Studio Solution File, Format Version 12.00
# Visual Studio 2012
Project("{f2a71f9b-5d33-465a-a702-920d77279786}") = "tngu281", "tngu281.fsproj", "{1CC6B945-F273-41A6-B7E0-7CA081990C9B}"
EndProject
Global
	GlobalSection(SolutionConfigurationPlatforms) = preSolution
		Debug|Any CPU = Debug|Any CPU
		Release|Any CPU = Release|Any CPU
	EndGlobalSection
	GlobalSection(ProjectConfigurationPlatforms) = postSolution
		{1CC6B945-F273-41A6-B7E0-7CA081990C9B}.Debug|Any CPU.ActiveCfg = Debug|Any CPU
		{1CC6B945-F273-41A6-B7E0-7CA081990C9B}.Debug|Any CPU.Build.0 = Debug|Any CPU
		{1CC6B945-F273-41A6-B7E0-7CA081990C9B}.Release|Any CPU.ActiveCfg = Release|Any CPU
		{1CC6B945-F273-41A6-B7E0-7CA081990C9B}.Release|Any CPU.Build.0 = Release|Any CPU
	EndGlobalSection
EndGlobal
